
Microsoft Visual Studio Solution File, Format Version 12.00
# Visual Studio 15
VisualStudioVersion = 15.0.28010.2036
MinimumVisualStudioVersion = 10.0.40219.1
Project("{FAE04EC0-301F-11D3-BF4B-00C04F79EFBC}") = "ObjectsMarinas", "ObjectsMarinas\ObjectsMarinas.csproj", "{F0198AAE-6482-4D08-9F18-722234FC6EEF}"
EndProject
Global
	GlobalSection(SolutionConfigurationPlatforms) = preSolution
		Debug|Any CPU = Debug|Any CPU
		Release|Any CPU = Release|Any CPU
	EndGlobalSection
	GlobalSection(ProjectConfigurationPlatforms) = postSolution
		{F0198AAE-6482-4D08-9F18-722234FC6EEF}.Debug|Any CPU.ActiveCfg = Debug|Any CPU
		{F0198AAE-6482-4D08-9F18-722234FC6EEF}.Debug|Any CPU.Build.0 = Debug|Any CPU
		{F0198AAE-6482-4D08-9F18-722234FC6EEF}.Release|Any CPU.ActiveCfg = Release|Any CPU
		{F0198AAE-6482-4D08-9F18-722234FC6EEF}.Release|Any CPU.Build.0 = Release|Any CPU
	EndGlobalSection
	GlobalSection(SolutionProperties) = preSolution
		HideSolutionNode = FALSE
	EndGlobalSection
	GlobalSection(ExtensibilityGlobals) = postSolution
		SolutionGuid = {3117537E-39FF-4ABB-BF2F-C77C7FC7A8AC}
	EndGlobalSection
EndGlobal
